Microsoft Visual Studio Solution File, Format Version 12.00
# Visual Studio Version 17
VisualStudioVersion = 17.0.31903.59
MinimumVisualStudioVersion = 10.0.40219.1
Project("{FAE04EC0-301F-11D3-BF4B-00C04F79EFBC}") = "ImprovisedEosl.Spike.SyncModal", "src\ImprovisedEosl.Spike.SyncModal\ImprovisedEosl.Spike.SyncModal.csproj", "{1B0EA1C4-18D2-4F62-A07A-789FBC4E0425}"
EndProject
Project("{FAE04EC0-301F-11D3-BF4B-00C04F79EFBC}") = "ImprovisedEosl.Spike.Tests", "tests\ImprovisedEosl.Spike.Tests\ImprovisedEosl.Spike.Tests.csproj", "{7F93B16F-788F-4A80-9344-F9550B5C4C81}"
EndProject
Project("{2150E333-8FDC-42A3-9474-1A3956D46DE8}") = "src", "src", "{BB06D46C-FB1F-4BF1-A262-4C3C70351B5F}"
EndProject
Project("{FAE04EC0-301F-11D3-BF4B-00C04F79EFBC}") = "ImprovisedEosl.Core", "src\ImprovisedEosl.Core\ImprovisedEosl.Core.csproj", "{B84A9DE6-96EB-4004-802B-0F982563D2E8}"
EndProject
Project("{FAE04EC0-301F-11D3-BF4B-00C04F79EFBC}") = "ImprovisedEosl.ModalDialog", "src\ImprovisedEosl.ModalDialog\ImprovisedEosl.ModalDialog.csproj", "{ED736EE4-66EA-4093-BE58-700274BF2965}"
EndProject
Global
	GlobalSection(SolutionConfigurationPlatforms) = preSolution
		Debug|Any CPU = Debug|Any CPU
		Release|Any CPU = Release|Any CPU
	EndGlobalSection
	GlobalSection(ProjectConfigurationPlatforms) = postSolution
		{1B0EA1C4-18D2-4F62-A07A-789FBC4E0425}.Debug|Any CPU.ActiveCfg = Debug|Any CPU
		{1B0EA1C4-18D2-4F62-A07A-789FBC4E0425}.Debug|Any CPU.Build.0 = Debug|Any CPU
		{1B0EA1C4-18D2-4F62-A07A-789FBC4E0425}.Release|Any CPU.ActiveCfg = Release|Any CPU
		{1B0EA1C4-18D2-4F62-A07A-789FBC4E0425}.Release|Any CPU.Build.0 = Release|Any CPU
		{7F93B16F-788F-4A80-9344-F9550B5C4C81}.Debug|Any CPU.ActiveCfg = Debug|Any CPU
		{7F93B16F-788F-4A80-9344-F9550B5C4C81}.Debug|Any CPU.Build.0 = Debug|Any CPU
		{7F93B16F-788F-4A80-9344-F9550B5C4C81}.Release|Any CPU.ActiveCfg = Release|Any CPU
		{7F93B16F-788F-4A80-9344-F9550B5C4C81}.Release|Any CPU.Build.0 = Release|Any CPU
		{B84A9DE6-96EB-4004-802B-0F982563D2E8}.Debug|Any CPU.ActiveCfg = Debug|Any CPU
		{B84A9DE6-96EB-4004-802B-0F982563D2E8}.Debug|Any CPU.Build.0 = Debug|Any CPU
		{B84A9DE6-96EB-4004-802B-0F982563D2E8}.Release|Any CPU.ActiveCfg = Release|Any CPU
		{B84A9DE6-96EB-4004-802B-0F982563D2E8}.Release|Any CPU.Build.0 = Release|Any CPU
		{ED736EE4-66EA-4093-BE58-700274BF2965}.Debug|Any CPU.ActiveCfg = Debug|Any CPU
		{ED736EE4-66EA-4093-BE58-700274BF2965}.Debug|Any CPU.Build.0 = Debug|Any CPU
		{ED736EE4-66EA-4093-BE58-700274BF2965}.Release|Any CPU.ActiveCfg = Release|Any CPU
		{ED736EE4-66EA-4093-BE58-700274BF2965}.Release|Any CPU.Build.0 = Release|Any CPU
	EndGlobalSection
	GlobalSection(NestedProjects) = preSolution
		{B84A9DE6-96EB-4004-802B-0F982563D2E8} = {BB06D46C-FB1F-4BF1-A262-4C3C70351B5F}
		{ED736EE4-66EA-4093-BE58-700274BF2965} = {BB06D46C-FB1F-4BF1-A262-4C3C70351B5F}
	EndGlobalSection
EndGlobal
